// !$*UTF8*$!
{
	archiveVersion = 1;
	classes = {
	};
	objectVersion = 56;
	objects = {

/* Begin PBXBuildFile section */
		8FC234D829CF19E700E99980 /* Parser in Frameworks */ = {isa = PBXBuildFile; productRef = 8FC234D729CF19E700E99980 /* Parser */; };
		8FC234DE29CF47BD00E99980 /* SwiftyXMLParser in Frameworks */ = {isa = PBXBuildFile; productRef = 8FC234DD29CF47BD00E99980 /* SwiftyXMLParser */; };
		9D1595BC29DF534D00E36DD4 /* SettingsViewModel.swift in Sources */ = {isa = PBXBuildFile; fileRef = 9D1595BB29DF534D00E36DD4 /* SettingsViewModel.swift */; };
		9D55B99F2A1408DC007C149B /* SettingsCoordinator.swift in Sources */ = {isa = PBXBuildFile; fileRef = 9D55B99E2A1408DC007C149B /* SettingsCoordinator.swift */; };
		9D55B9A12A140AB2007C149B /* Action.swift in Sources */ = {isa = PBXBuildFile; fileRef = 9D55B9A02A140AB2007C149B /* Action.swift */; };
		9DB353F529B56D3200B35F36 /* AppDelegate.swift in Sources */ = {isa = PBXBuildFile; fileRef = 9DB353F429B56D3200B35F36 /* AppDelegate.swift */; };
		9DB353F729B56D3200B35F36 /* SceneDelegate.swift in Sources */ = {isa = PBXBuildFile; fileRef = 9DB353F629B56D3200B35F36 /* SceneDelegate.swift */; };
		9DB353F929B56D3200B35F36 /* ARViewController.swift in Sources */ = {isa = PBXBuildFile; fileRef = 9DB353F829B56D3200B35F36 /* ARViewController.swift */; };
		9DB353FE29B56D3400B35F36 /* Assets.xcassets in Resources */ = {isa = PBXBuildFile; fileRef = 9DB353FD29B56D3400B35F36 /* Assets.xcassets */; };
		9DB3540129B56D3400B35F36 /* LaunchScreen.storyboard in Resources */ = {isa = PBXBuildFile; fileRef = 9DB353FF29B56D3400B35F36 /* LaunchScreen.storyboard */; };
		9DB3540F29B56F9500B35F36 /* Coordinator.swift in Sources */ = {isa = PBXBuildFile; fileRef = 9DB3540E29B56F9500B35F36 /* Coordinator.swift */; };
		9DB3541129B56FCD00B35F36 /* AppCoordinator.swift in Sources */ = {isa = PBXBuildFile; fileRef = 9DB3541029B56FCD00B35F36 /* AppCoordinator.swift */; };
		9DB3541329B570C100B35F36 /* SettingsView.swift in Sources */ = {isa = PBXBuildFile; fileRef = 9DB3541229B570C100B35F36 /* SettingsView.swift */; };
		9DB355AF29B76B5200B35F36 /* FocusNode in Frameworks */ = {isa = PBXBuildFile; productRef = 9DB355AE29B76B5200B35F36 /* FocusNode */; };
		9DB355B229B7A9CB00B35F36 /* Charts in Frameworks */ = {isa = PBXBuildFile; productRef = 9DB355B129B7A9CB00B35F36 /* Charts */; };
		9DBFC86D29CFC75C00C2A04C /* Parser in Frameworks */ = {isa = PBXBuildFile; productRef = 9DBFC86C29CFC75C00C2A04C /* Parser */; };
		9DE9AB8D29FD622A003E8AFF /* MessageLabel.swift in Sources */ = {isa = PBXBuildFile; fileRef = 9DE9AB8B29FD622A003E8AFF /* MessageLabel.swift */; };
		9DE9AB8E29FD622A003E8AFF /* MultipeerSession.swift in Sources */ = {isa = PBXBuildFile; fileRef = 9DE9AB8C29FD622A003E8AFF /* MultipeerSession.swift */; };
		9DE9AB902A005128003E8AFF /* Models in Frameworks */ = {isa = PBXBuildFile; productRef = 9DE9AB8F2A005128003E8AFF /* Models */; };
		9DE9AB932A013151003E8AFF /* Binding+Extensions.swift in Sources */ = {isa = PBXBuildFile; fileRef = 9DE9AB922A013151003E8AFF /* Binding+Extensions.swift */; };
		9DE9AB952A013E9C003E8AFF /* View+Extensions.swift in Sources */ = {isa = PBXBuildFile; fileRef = 9DE9AB942A013E9C003E8AFF /* View+Extensions.swift */; };
		9DEEFDD829CD0AFA00EBA39C /* ZIPFoundation in Frameworks */ = {isa = PBXBuildFile; productRef = 9DEEFDD729CD0AFA00EBA39C /* ZIPFoundation */; };
/* End PBXBuildFile section */

/* Begin PBXFileReference section */
		9D1595BB29DF534D00E36DD4 /* SettingsViewModel.swift */ = {isa = PBXFileReference; lastKnownFileType = sourcecode.swift; path = SettingsViewModel.swift; sourceTree = "<group>"; };
		9D55B99E2A1408DC007C149B /* SettingsCoordinator.swift */ = {isa = PBXFileReference; lastKnownFileType = sourcecode.swift; path = SettingsCoordinator.swift; sourceTree = "<group>"; };
		9D55B9A02A140AB2007C149B /* Action.swift */ = {isa = PBXFileReference; lastKnownFileType = sourcecode.swift; path = Action.swift; sourceTree = "<group>"; };
		9DB353F129B56D3200B35F36 /* ARDiagrams.app */ = {isa = PBXFileReference; explicitFileType = wrapper.application; includeInIndex = 0; path = ARDiagrams.app; sourceTree = BUILT_PRODUCTS_DIR; };
		9DB353F429B56D3200B35F36 /* AppDelegate.swift */ = {isa = PBXFileReference; lastKnownFileType = sourcecode.swift; path = AppDelegate.swift; sourceTree = "<group>"; };
		9DB353F629B56D3200B35F36 /* SceneDelegate.swift */ = {isa = PBXFileReference; lastKnownFileType = sourcecode.swift; path = SceneDelegate.swift; sourceTree = "<group>"; };
		9DB353F829B56D3200B35F36 /* ARViewController.swift */ = {isa = PBXFileReference; lastKnownFileType = sourcecode.swift; path = ARViewController.swift; sourceTree = "<group>"; };
		9DB353FD29B56D3400B35F36 /* Assets.xcassets */ = {isa = PBXFileReference; lastKnownFileType = folder.assetcatalog; path = Assets.xcassets; sourceTree = "<group>"; };
		9DB3540029B56D3400B35F36 /* Base */ = {isa = PBXFileReference; lastKnownFileType = file.storyboard; name = Base; path = Base.lproj/LaunchScreen.storyboard; sourceTree = "<group>"; };
		9DB3540229B56D3400B35F36 /* Info.plist */ = {isa = PBXFileReference; lastKnownFileType = text.plist.xml; path = Info.plist; sourceTree = "<group>"; };
		9DB3540D29B56DF900B35F36 /* ARDiagramsKit */ = {isa = PBXFileReference; lastKnownFileType = wrapper; name = ARDiagramsKit; path = ..; sourceTree = "<group>"; };
		9DB3540E29B56F9500B35F36 /* Coordinator.swift */ = {isa = PBXFileReference; lastKnownFileType = sourcecode.swift; path = Coordinator.swift; sourceTree = "<group>"; };
		9DB3541029B56FCD00B35F36 /* AppCoordinator.swift */ = {isa = PBXFileReference; lastKnownFileType = sourcecode.swift; path = AppCoordinator.swift; sourceTree = "<group>"; };
		9DB3541229B570C100B35F36 /* SettingsView.swift */ = {isa = PBXFileReference; lastKnownFileType = sourcecode.swift; path = SettingsView.swift; sourceTree = "<group>"; };
		9DE9AB8B29FD622A003E8AFF /* MessageLabel.swift */ = {isa = PBXFileReference; fileEncoding = 4; lastKnownFileType = sourcecode.swift; path = MessageLabel.swift; sourceTree = "<group>"; };
		9DE9AB8C29FD622A003E8AFF /* MultipeerSession.swift */ = {isa = PBXFileReference; fileEncoding = 4; lastKnownFileType = sourcecode.swift; path = MultipeerSession.swift; sourceTree = "<group>"; };
		9DE9AB922A013151003E8AFF /* Binding+Extensions.swift */ = {isa = PBXFileReference; lastKnownFileType = sourcecode.swift; path = "Binding+Extensions.swift"; sourceTree = "<group>"; };
		9DE9AB942A013E9C003E8AFF /* View+Extensions.swift */ = {isa = PBXFileReference; lastKnownFileType = sourcecode.swift; path = "View+Extensions.swift"; sourceTree = "<group>"; };
/* End PBXFileReference section */

/* Begin PBXFrameworksBuildPhase section */
		9DB353EE29B56D3200B35F36 /* Frameworks */ = {
			isa = PBXFrameworksBuildPhase;
			buildActionMask = 2147483647;
			files = (
				9DB355AF29B76B5200B35F36 /* FocusNode in Frameworks */,
				9DB355B229B7A9CB00B35F36 /* Charts in Frameworks */,
				9DBFC86D29CFC75C00C2A04C /* Parser in Frameworks */,
				9DEEFDD829CD0AFA00EBA39C /* ZIPFoundation in Frameworks */,
				8FC234D829CF19E700E99980 /* Parser in Frameworks */,
				9DE9AB902A005128003E8AFF /* Models in Frameworks */,
				8FC234DE29CF47BD00E99980 /* SwiftyXMLParser in Frameworks */,
			);
			runOnlyForDeploymentPostprocessing = 0;
		};
/* End PBXFrameworksBuildPhase section */

/* Begin PBXGroup section */
		9DB353E829B56D3200B35F36 = {
			isa = PBXGroup;
			children = (
				9DB3540D29B56DF900B35F36 /* ARDiagramsKit */,
				9DB353F329B56D3200B35F36 /* ARDiagrams */,
				9DB353F229B56D3200B35F36 /* Products */,
				9DB355B029B7A9CB00B35F36 /* Frameworks */,
			);
			sourceTree = "<group>";
		};
		9DB353F229B56D3200B35F36 /* Products */ = {
			isa = PBXGroup;
			children = (
				9DB353F129B56D3200B35F36 /* ARDiagrams.app */,
			);
			name = Products;
			sourceTree = "<group>";
		};
		9DB353F329B56D3200B35F36 /* ARDiagrams */ = {
			isa = PBXGroup;
			children = (
				9DE9AB912A01313E003E8AFF /* Extensions */,
				9DB3540829B56DA400B35F36 /* App */,
				9DB3540A29B56DC200B35F36 /* Scenes */,
				9DB3540929B56DB300B35F36 /* Resources */,
				9DB353FF29B56D3400B35F36 /* LaunchScreen.storyboard */,
				9DB3540229B56D3400B35F36 /* Info.plist */,
			);
			path = ARDiagrams;
			sourceTree = "<group>";
		};
		9DB3540829B56DA400B35F36 /* App */ = {
			isa = PBXGroup;
			children = (
				9DB353F429B56D3200B35F36 /* AppDelegate.swift */,
				9DB353F629B56D3200B35F36 /* SceneDelegate.swift */,
			);
			path = App;
			sourceTree = "<group>";
		};
		9DB3540929B56DB300B35F36 /* Resources */ = {
			isa = PBXGroup;
			children = (
				9DB353FD29B56D3400B35F36 /* Assets.xcassets */,
			);
			path = Resources;
			sourceTree = "<group>";
		};
		9DB3540A29B56DC200B35F36 /* Scenes */ = {
			isa = PBXGroup;
			children = (
				9DB3540E29B56F9500B35F36 /* Coordinator.swift */,
				9DB3541029B56FCD00B35F36 /* AppCoordinator.swift */,
				9DB3540C29B56DD200B35F36 /* SettingsScene */,
				9DB3540B29B56DCD00B35F36 /* ARScene */,
			);
			path = Scenes;
			sourceTree = "<group>";
		};
		9DB3540B29B56DCD00B35F36 /* ARScene */ = {
			isa = PBXGroup;
			children = (
				9DE9AB8B29FD622A003E8AFF /* MessageLabel.swift */,
				9DE9AB8C29FD622A003E8AFF /* MultipeerSession.swift */,
				9DB353F829B56D3200B35F36 /* ARViewController.swift */,
			);
			path = ARScene;
			sourceTree = "<group>";
		};
		9DB3540C29B56DD200B35F36 /* SettingsScene */ = {
			isa = PBXGroup;
			children = (
				9DB3541229B570C100B35F36 /* SettingsView.swift */,
				9D1595BB29DF534D00E36DD4 /* SettingsViewModel.swift */,
				9D55B99E2A1408DC007C149B /* SettingsCoordinator.swift */,
			);
			path = SettingsScene;
			sourceTree = "<group>";
		};
		9DB355B029B7A9CB00B35F36 /* Frameworks */ = {
			isa = PBXGroup;
			children = (
			);
			name = Frameworks;
			sourceTree = "<group>";
		};
		9DE9AB912A01313E003E8AFF /* Extensions */ = {
			isa = PBXGroup;
			children = (
				9DE9AB922A013151003E8AFF /* Binding+Extensions.swift */,
				9DE9AB942A013E9C003E8AFF /* View+Extensions.swift */,
				9D55B9A02A140AB2007C149B /* Action.swift */,
			);
			path = Extensions;
			sourceTree = "<group>";
		};
/* End PBXGroup section */

/* Begin PBXNativeTarget section */
		9DB353F029B56D3200B35F36 /* ARDiagrams */ = {
			isa = PBXNativeTarget;
			buildConfigurationList = 9DB3540529B56D3400B35F36 /* Build configuration list for PBXNativeTarget "ARDiagrams" */;
			buildPhases = (
				9DB353ED29B56D3200B35F36 /* Sources */,
				9DB353EE29B56D3200B35F36 /* Frameworks */,
				9DB353EF29B56D3200B35F36 /* Resources */,
			);
			buildRules = (
			);
			dependencies = (
			);
			name = ARDiagrams;
			packageProductDependencies = (
				9DB355AE29B76B5200B35F36 /* FocusNode */,
				9DB355B129B7A9CB00B35F36 /* Charts */,
				9DBFC86C29CFC75C00C2A04C /* Parser */,
				9DEEFDD729CD0AFA00EBA39C /* ZIPFoundation */,
				8FC234D729CF19E700E99980 /* Parser */,
				8FC234DD29CF47BD00E99980 /* SwiftyXMLParser */,
				9DE9AB8F2A005128003E8AFF /* Models */,
			);
			productName = ARDiagrams;
			productReference = 9DB353F129B56D3200B35F36 /* ARDiagrams.app */;
			productType = "com.apple.product-type.application";
		};
/* End PBXNativeTarget section */

/* Begin PBXProject section */
		9DB353E929B56D3200B35F36 /* Project object */ = {
			isa = PBXProject;
			attributes = {
				BuildIndependentTargetsInParallel = 1;
				LastSwiftUpdateCheck = 1410;
				LastUpgradeCheck = 1410;
				TargetAttributes = {
					9DB353F029B56D3200B35F36 = {
						CreatedOnToolsVersion = 14.1;
					};
				};
			};
			buildConfigurationList = 9DB353EC29B56D3200B35F36 /* Build configuration list for PBXProject "ARDiagrams" */;
			compatibilityVersion = "Xcode 14.0";
			developmentRegion = en;
			hasScannedForEncodings = 0;
			knownRegions = (
				en,
				Base,
			);
			mainGroup = 9DB353E829B56D3200B35F36;
			packageReferences = (
				9DB355AD29B76B5200B35F36 /* XCRemoteSwiftPackageReference "ARKit-FocusNode" */,
				9DEEFDD629CD0AFA00EBA39C /* XCRemoteSwiftPackageReference "ZIPFoundation" */,
				8FC234DC29CF47BD00E99980 /* XCRemoteSwiftPackageReference "SwiftyXMLParser" */,
			);
			productRefGroup = 9DB353F229B56D3200B35F36 /* Products */;
			projectDirPath = "";
			projectRoot = "";
			targets = (
				9DB353F029B56D3200B35F36 /* ARDiagrams */,
			);
		};
/* End PBXProject section */

/* Begin PBXResourcesBuildPhase section */
		9DB353EF29B56D3200B35F36 /* Resources */ = {
			isa = PBXResourcesBuildPhase;
			buildActionMask = 2147483647;
			files = (
				9DB3540129B56D3400B35F36 /* LaunchScreen.storyboard in Resources */,
				9DB353FE29B56D3400B35F36 /* Assets.xcassets in Resources */,
			);
			runOnlyForDeploymentPostprocessing = 0;
		};
/* End PBXResourcesBuildPhase section */

/* Begin PBXSourcesBuildPhase section */
		9DB353ED29B56D3200B35F36 /* Sources */ = {
			isa = PBXSourcesBuildPhase;
			buildActionMask = 2147483647;
			files = (
				9DB3540F29B56F9500B35F36 /* Coordinator.swift in Sources */,
				9D55B9A12A140AB2007C149B /* Action.swift in Sources */,
				9D55B99F2A1408DC007C149B /* SettingsCoordinator.swift in Sources */,
				9DB353F929B56D3200B35F36 /* ARViewController.swift in Sources */,
				9DE9AB952A013E9C003E8AFF /* View+Extensions.swift in Sources */,
				9DB3541129B56FCD00B35F36 /* AppCoordinator.swift in Sources */,
				9DE9AB8E29FD622A003E8AFF /* MultipeerSession.swift in Sources */,
				9DE9AB8D29FD622A003E8AFF /* MessageLabel.swift in Sources */,
				9DB353F529B56D3200B35F36 /* AppDelegate.swift in Sources */,
				9DB353F729B56D3200B35F36 /* SceneDelegate.swift in Sources */,
				9DB3541329B570C100B35F36 /* SettingsView.swift in Sources */,
				9D1595BC29DF534D00E36DD4 /* SettingsViewModel.swift in Sources */,
				9DE9AB932A013151003E8AFF /* Binding+Extensions.swift in Sources */,
			);
			runOnlyForDeploymentPostprocessing = 0;
		};
/* End PBXSourcesBuildPhase section */

/* Begin PBXVariantGroup section */
		9DB353FF29B56D3400B35F36 /* LaunchScreen.storyboard */ = {
			isa = PBXVariantGroup;
			children = (
				9DB3540029B56D3400B35F36 /* Base */,
			);
			name = LaunchScreen.storyboard;
			sourceTree = "<group>";
		};
/* End PBXVariantGroup section */

/* Begin XCBuildConfiguration section */
		9DB3540329B56D3400B35F36 /* Debug */ = {
			isa = XCBuildConfiguration;
			buildSettings = {
				ALWAYS_SEARCH_USER_PATHS = NO;
				CLANG_ANALYZER_NONNULL = YES;
				CLANG_ANALYZER_NUMBER_OBJECT_CONVERSION = YES_AGGRESSIVE;
				CLANG_CXX_LANGUAGE_STANDARD = "gnu++20";
				CLANG_ENABLE_MODULES = YES;
				CLANG_ENABLE_OBJC_ARC = YES;
				CLANG_ENABLE_OBJC_WEAK = YES;
				CLANG_WARN_BLOCK_CAPTURE_AUTORELEASING = YES;
				CLANG_WARN_BOOL_CONVERSION = YES;
				CLANG_WARN_COMMA = YES;
				CLANG_WARN_CONSTANT_CONVERSION = YES;
				CLANG_WARN_DEPRECATED_OBJC_IMPLEMENTATIONS = YES;
				CLANG_WARN_DIRECT_OBJC_ISA_USAGE = YES_ERROR;
				CLANG_WARN_DOCUMENTATION_COMMENTS = YES;
				CLANG_WARN_EMPTY_BODY = YES;
				CLANG_WARN_ENUM_CONVERSION = YES;
				CLANG_WARN_INFINITE_RECURSION = YES;
				CLANG_WARN_INT_CONVERSION = YES;
				CLANG_WARN_NON_LITERAL_NULL_CONVERSION = YES;
				CLANG_WARN_OBJC_IMPLICIT_RETAIN_SELF = YES;
				CLANG_WARN_OBJC_LITERAL_CONVERSION = YES;
				CLANG_WARN_OBJC_ROOT_CLASS = YES_ERROR;
				CLANG_WARN_QUOTED_INCLUDE_IN_FRAMEWORK_HEADER = YES;
				CLANG_WARN_RANGE_LOOP_ANALYSIS = YES;
				CLANG_WARN_STRICT_PROTOTYPES = YES;
				CLANG_WARN_SUSPICIOUS_MOVE = YES;
				CLANG_WARN_UNGUARDED_AVAILABILITY = YES_AGGRESSIVE;
				CLANG_WARN_UNREACHABLE_CODE = YES;
				CLANG_WARN__DUPLICATE_METHOD_MATCH = YES;
				COPY_PHASE_STRIP = NO;
				DEBUG_INFORMATION_FORMAT = dwarf;
				ENABLE_STRICT_OBJC_MSGSEND = YES;
				ENABLE_TESTABILITY = YES;
				GCC_C_LANGUAGE_STANDARD = gnu11;
				GCC_DYNAMIC_NO_PIC = NO;
				GCC_NO_COMMON_BLOCKS = YES;
				GCC_OPTIMIZATION_LEVEL = 0;
				GCC_PREPROCESSOR_DEFINITIONS = (
					"DEBUG=1",
					"$(inherited)",
				);
				GCC_WARN_64_TO_32_BIT_CONVERSION = YES;
				GCC_WARN_ABOUT_RETURN_TYPE = YES_ERROR;
				GCC_WARN_UNDECLARED_SELECTOR = YES;
				GCC_WARN_UNINITIALIZED_AUTOS = YES_AGGRESSIVE;
				GCC_WARN_UNUSED_FUNCTION = YES;
				GCC_WARN_UNUSED_VARIABLE = YES;
				IPHONEOS_DEPLOYMENT_TARGET = 15.0;
				MTL_ENABLE_DEBUG_INFO = INCLUDE_SOURCE;
				MTL_FAST_MATH = YES;
				ONLY_ACTIVE_ARCH = YES;
				SDKROOT = iphoneos;
				SWIFT_ACTIVE_COMPILATION_CONDITIONS = DEBUG;
				SWIFT_OPTIMIZATION_LEVEL = "-Onone";
			};
			name = Debug;
		};
		9DB3540429B56D3400B35F36 /* Release */ = {
			isa = XCBuildConfiguration;
			buildSettings = {
				ALWAYS_SEARCH_USER_PATHS = NO;
				CLANG_ANALYZER_NONNULL = YES;
				CLANG_ANALYZER_NUMBER_OBJECT_CONVERSION = YES_AGGRESSIVE;
				CLANG_CXX_LANGUAGE_STANDARD = "gnu++20";
				CLANG_ENABLE_MODULES = YES;
				CLANG_ENABLE_OBJC_ARC = YES;
				CLANG_ENABLE_OBJC_WEAK = YES;
				CLANG_WARN_BLOCK_CAPTURE_AUTORELEASING = YES;
				CLANG_WARN_BOOL_CONVERSION = YES;
				CLANG_WARN_COMMA = YES;
				CLANG_WARN_CONSTANT_CONVERSION = YES;
				CLANG_WARN_DEPRECATED_OBJC_IMPLEMENTATIONS = YES;
				CLANG_WARN_DIRECT_OBJC_ISA_USAGE = YES_ERROR;
				CLANG_WARN_DOCUMENTATION_COMMENTS = YES;
				CLANG_WARN_EMPTY_BODY = YES;
				CLANG_WARN_ENUM_CONVERSION = YES;
				CLANG_WARN_INFINITE_RECURSION = YES;
				CLANG_WARN_INT_CONVERSION = YES;
				CLANG_WARN_NON_LITERAL_NULL_CONVERSION = YES;
				CLANG_WARN_OBJC_IMPLICIT_RETAIN_SELF = YES;
				CLANG_WARN_OBJC_LITERAL_CONVERSION = YES;
				CLANG_WARN_OBJC_ROOT_CLASS = YES_ERROR;
				CLANG_WARN_QUOTED_INCLUDE_IN_FRAMEWORK_HEADER = YES;
				CLANG_WARN_RANGE_LOOP_ANALYSIS = YES;
				CLANG_WARN_STRICT_PROTOTYPES = YES;
				CLANG_WARN_SUSPICIOUS_MOVE = YES;
				CLANG_WARN_UNGUARDED_AVAILABILITY = YES_AGGRESSIVE;
				CLANG_WARN_UNREACHABLE_CODE = YES;
				CLANG_WARN__DUPLICATE_METHOD_MATCH = YES;
				COPY_PHASE_STRIP = NO;
				DEBUG_INFORMATION_FORMAT = "dwarf-with-dsym";
				ENABLE_NS_ASSERTIONS = NO;
				ENABLE_STRICT_OBJC_MSGSEND = YES;
				GCC_C_LANGUAGE_STANDARD = gnu11;
				GCC_NO_COMMON_BLOCKS = YES;
				GCC_WARN_64_TO_32_BIT_CONVERSION = YES;
				GCC_WARN_ABOUT_RETURN_TYPE = YES_ERROR;
				GCC_WARN_UNDECLARED_SELECTOR = YES;
				GCC_WARN_UNINITIALIZED_AUTOS = YES_AGGRESSIVE;
				GCC_WARN_UNUSED_FUNCTION = YES;
				GCC_WARN_UNUSED_VARIABLE = YES;
				IPHONEOS_DEPLOYMENT_TARGET = 15.0;
				MTL_ENABLE_DEBUG_INFO = NO;
				MTL_FAST_MATH = YES;
				SDKROOT = iphoneos;
				SWIFT_COMPILATION_MODE = wholemodule;
				SWIFT_OPTIMIZATION_LEVEL = "-O";
				VALIDATE_PRODUCT = YES;
			};
			name = Release;
		};
		9DB3540629B56D3400B35F36 /* Debug */ = {
			isa = XCBuildConfiguration;
			buildSettings = {
				ASSETCATALOG_COMPILER_APPICON_NAME = AppIcon;
				ASSETCATALOG_COMPILER_GLOBAL_ACCENT_COLOR_NAME = AccentColor;
				CODE_SIGN_STYLE = Automatic;
				CURRENT_PROJECT_VERSION = 1;
				DEVELOPMENT_TEAM = SXY5F8F32W;
				GENERATE_INFOPLIST_FILE = YES;
				INFOPLIST_FILE = ARDiagrams/Info.plist;
				INFOPLIST_KEY_NSCameraUsageDescription = "This app requires camera to access augmented reality.";
				INFOPLIST_KEY_NSLocalNetworkUsageDescription = "This application will use local networking to discover nearby devices.";
				INFOPLIST_KEY_UIApplicationSupportsIndirectInputEvents = YES;
				INFOPLIST_KEY_UILaunchStoryboardName = LaunchScreen;
				INFOPLIST_KEY_UISupportedInterfaceOrientations_iPad = "UIInterfaceOrientationPortrait UIInterfaceOrientationPortraitUpsideDown UIInterfaceOrientationLandscapeLeft UIInterfaceOrientationLandscapeRight";
				INFOPLIST_KEY_UISupportedInterfaceOrientations_iPhone = "UIInterfaceOrientationPortrait UIInterfaceOrientationLandscapeLeft UIInterfaceOrientationLandscapeRight";
				IPHONEOS_DEPLOYMENT_TARGET = 15.0;
				LD_RUNPATH_SEARCH_PATHS = (
					"$(inherited)",
					"@executable_path/Frameworks",
				);
				MARKETING_VERSION = 1.0;
				PRODUCT_BUNDLE_IDENTIFIER = burstein.ARDiagrams;
				PRODUCT_NAME = "$(TARGET_NAME)";
				SWIFT_EMIT_LOC_STRINGS = YES;
				SWIFT_VERSION = 5.0;
				TARGETED_DEVICE_FAMILY = "1,2";
			};
			name = Debug;
		};
		9DB3540729B56D3400B35F36 /* Release */ = {
			isa = XCBuildConfiguration;
			buildSettings = {
				ASSETCATALOG_COMPILER_APPICON_NAME = AppIcon;
				ASSETCATALOG_COMPILER_GLOBAL_ACCENT_COLOR_NAME = AccentColor;
				CODE_SIGN_STYLE = Automatic;
				CURRENT_PROJECT_VERSION = 1;
				DEVELOPMENT_TEAM = SXY5F8F32W;
				GENERATE_INFOPLIST_FILE = YES;
				INFOPLIST_FILE = ARDiagrams/Info.plist;
				INFOPLIST_KEY_NSCameraUsageDescription = "This app requires camera to access augmented reality.";
				INFOPLIST_KEY_NSLocalNetworkUsageDescription = "This application will use local networking to discover nearby devices.";
				INFOPLIST_KEY_UIApplicationSupportsIndirectInputEvents = YES;
				INFOPLIST_KEY_UILaunchStoryboardName = LaunchScreen;
				INFOPLIST_KEY_UISupportedInterfaceOrientations_iPad = "UIInterfaceOrientationPortrait UIInterfaceOrientationPortraitUpsideDown UIInterfaceOrientationLandscapeLeft UIInterfaceOrientationLandscapeRight";
				INFOPLIST_KEY_UISupportedInterfaceOrientations_iPhone = "UIInterfaceOrientationPortrait UIInterfaceOrientationLandscapeLeft UIInterfaceOrientationLandscapeRight";
				IPHONEOS_DEPLOYMENT_TARGET = 15.0;
				LD_RUNPATH_SEARCH_PATHS = (
					"$(inherited)",
					"@executable_path/Frameworks",
				);
				MARKETING_VERSION = 1.0;
				PRODUCT_BUNDLE_IDENTIFIER = burstein.ARDiagrams;
				PRODUCT_NAME = "$(TARGET_NAME)";
				SWIFT_EMIT_LOC_STRINGS = YES;
				SWIFT_VERSION = 5.0;
				TARGETED_DEVICE_FAMILY = "1,2";
			};
			name = Release;
		};
/* End XCBuildConfiguration section */

/* Begin XCConfigurationList section */
		9DB353EC29B56D3200B35F36 /* Build configuration list for PBXProject "ARDiagrams" */ = {
			isa = XCConfigurationList;
			buildConfigurations = (
				9DB3540329B56D3400B35F36 /* Debug */,
				9DB3540429B56D3400B35F36 /* Release */,
			);
			defaultConfigurationIsVisible = 0;
			defaultConfigurationName = Release;
		};
		9DB3540529B56D3400B35F36 /* Build configuration list for PBXNativeTarget "ARDiagrams" */ = {
			isa = XCConfigurationList;
			buildConfigurations = (
				9DB3540629B56D3400B35F36 /* Debug */,
				9DB3540729B56D3400B35F36 /* Release */,
			);
			defaultConfigurationIsVisible = 0;
			defaultConfigurationName = Release;
		};
/* End XCConfigurationList section */

/* Begin XCRemoteSwiftPackageReference section */
		8FC234DC29CF47BD00E99980 /* XCRemoteSwiftPackageReference "SwiftyXMLParser" */ = {
			isa = XCRemoteSwiftPackageReference;
			repositoryURL = "https://github.com/yahoojapan/SwiftyXMLParser";
			requirement = {
				kind = upToNextMajorVersion;
				minimumVersion = 5.0.0;
			};
		};
		9DB355AD29B76B5200B35F36 /* XCRemoteSwiftPackageReference "ARKit-FocusNode" */ = {
			isa = XCRemoteSwiftPackageReference;
			repositoryURL = "https://github.com/maxxfrazer/ARKit-FocusNode.git";
			requirement = {
				branch = master;
				kind = branch;
			};
		};
		9DEEFDD629CD0AFA00EBA39C /* XCRemoteSwiftPackageReference "ZIPFoundation" */ = {
			isa = XCRemoteSwiftPackageReference;
			repositoryURL = "https://github.com/weichsel/ZIPFoundation";
			requirement = {
				kind = upToNextMajorVersion;
				minimumVersion = 0.9.9;
			};
		};
/* End XCRemoteSwiftPackageReference section */

/* Begin XCSwiftPackageProductDependency section */
		8FC234D729CF19E700E99980 /* Parser */ = {
			isa = XCSwiftPackageProductDependency;
			productName = Parser;
		};
		8FC234DD29CF47BD00E99980 /* SwiftyXMLParser */ = {
			isa = XCSwiftPackageProductDependency;
			package = 8FC234DC29CF47BD00E99980 /* XCRemoteSwiftPackageReference "SwiftyXMLParser" */;
			productName = SwiftyXMLParser;
		};
		9DB355AE29B76B5200B35F36 /* FocusNode */ = {
			isa = XCSwiftPackageProductDependency;
			package = 9DB355AD29B76B5200B35F36 /* XCRemoteSwiftPackageReference "ARKit-FocusNode" */;
			productName = FocusNode;
		};
		9DB355B129B7A9CB00B35F36 /* Charts */ = {
			isa = XCSwiftPackageProductDependency;
			productName = Charts;
		};
		9DBFC86C29CFC75C00C2A04C /* Parser */ = {
			isa = XCSwiftPackageProductDependency;
			productName = Parser;
		};
		9DE9AB8F2A005128003E8AFF /* Models */ = {
			isa = XCSwiftPackageProductDependency;
			productName = Models;
		};
		9DEEFDD729CD0AFA00EBA39C /* ZIPFoundation */ = {
			isa = XCSwiftPackageProductDependency;
			package = 9DEEFDD629CD0AFA00EBA39C /* XCRemoteSwiftPackageReference "ZIPFoundation" */;
			productName = ZIPFoundation;
		};
/* End XCSwiftPackageProductDependency section */
	};
	rootObject = 9DB353E929B56D3200B35F36 /* Project object */;
}
